// !$*UTF8*$!
{
	archiveVersion = 1;
	classes = {
	};
	objectVersion = 52;
	objects = {

/* Begin PBXBuildFile section */
		E8BEC1718EEFE6186E9B2832 /* Pods_CovidApp.framework in Frameworks */ = {isa = PBXBuildFile; fileRef = 5E4ED28599DBC4F8950DC918 /* Pods_CovidApp.framework */; };
		F53BFE40258CCC4F00D14544 /* Casos.swift in Sources */ = {isa = PBXBuildFile; fileRef = F53BFE3F258CCC4F00D14544 /* Casos.swift */; };
		F5475B6125A86E6B003254C5 /* GoogleService-Info.plist in Resources */ = {isa = PBXBuildFile; fileRef = F5475B6025A86E6B003254C5 /* GoogleService-Info.plist */; };
		F54A06312578E8B800FB13B7 /* Restriccion.swift in Sources */ = {isa = PBXBuildFile; fileRef = F54A06302578E8B800FB13B7 /* Restriccion.swift */; };
		F555CB4C2577F25300C89B81 /* AppDelegate.swift in Sources */ = {isa = PBXBuildFile; fileRef = F555CB4B2577F25300C89B81 /* AppDelegate.swift */; };
		F555CB4E2577F25300C89B81 /* SceneDelegate.swift in Sources */ = {isa = PBXBuildFile; fileRef = F555CB4D2577F25300C89B81 /* SceneDelegate.swift */; };
		F555CB502577F25300C89B81 /* ViewController.swift in Sources */ = {isa = PBXBuildFile; fileRef = F555CB4F2577F25300C89B81 /* ViewController.swift */; };
		F555CB532577F25300C89B81 /* Main.storyboard in Resources */ = {isa = PBXBuildFile; fileRef = F555CB512577F25300C89B81 /* Main.storyboard */; };
		F555CB552577F28200C89B81 /* Assets.xcassets in Resources */ = {isa = PBXBuildFile; fileRef = F555CB542577F28200C89B81 /* Assets.xcassets */; };
		F555CB582577F28200C89B81 /* LaunchScreen.storyboard in Resources */ = {isa = PBXBuildFile; fileRef = F555CB562577F28200C89B81 /* LaunchScreen.storyboard */; };
		F555CB622577F81400C89B81 /* Poblacion.swift in Sources */ = {isa = PBXBuildFile; fileRef = F555CB612577F81400C89B81 /* Poblacion.swift */; };
		F555CB6A2577FCA300C89B81 /* Poblaciones.swift in Sources */ = {isa = PBXBuildFile; fileRef = F555CB692577FCA300C89B81 /* Poblaciones.swift */; };
		F555CB7825780E7C00C89B81 /* poblaciones.csv in Resources */ = {isa = PBXBuildFile; fileRef = F555CB7725780E7C00C89B81 /* poblaciones.csv */; };
		F555CB7C257814D500C89B81 /* Provincia.swift in Sources */ = {isa = PBXBuildFile; fileRef = F555CB7B257814D500C89B81 /* Provincia.swift */; };
		F555CB7F2578162E00C89B81 /* Provincias.swift in Sources */ = {isa = PBXBuildFile; fileRef = F555CB7E2578162E00C89B81 /* Provincias.swift */; };
		F555CB852578186D00C89B81 /* Restricciones.swift in Sources */ = {isa = PBXBuildFile; fileRef = F555CB842578186D00C89B81 /* Restricciones.swift */; };
		F566396A259374ED003A6F20 /* RestriccionesViewController.swift in Sources */ = {isa = PBXBuildFile; fileRef = F5663969259374ED003A6F20 /* RestriccionesViewController.swift */; };
		F58C43A325822825001ADF18 /* PoblacionesFull.csv in Resources */ = {isa = PBXBuildFile; fileRef = F58C43A225822825001ADF18 /* PoblacionesFull.csv */; };
		F5904872257BAAB800C81EB4 /* covid.png in Resources */ = {isa = PBXBuildFile; fileRef = F5904871257BAAB800C81EB4 /* covid.png */; };
		F5904878257CE65700C81EB4 /* GradientView.swift in Sources */ = {isa = PBXBuildFile; fileRef = F5904877257CE65700C81EB4 /* GradientView.swift */; };
		F5B34664258C09A7008225B4 /* LoginViewController.swift in Sources */ = {isa = PBXBuildFile; fileRef = F5B34663258C09A7008225B4 /* LoginViewController.swift */; };
		F5C1E0F3259759620066B2D5 /* WQCharts in Frameworks */ = {isa = PBXBuildFile; productRef = F5C1E0F2259759620066B2D5 /* WQCharts */; };
		F5EF623025939A6100414515 /* doctor-sostenga-antiseptico-mascaras-su-mano_1157-31550.jpg in Resources */ = {isa = PBXBuildFile; fileRef = F5EF622B25939A5D00414515 /* doctor-sostenga-antiseptico-mascaras-su-mano_1157-31550.jpg */; };
		F5EF623125939A6100414515 /* dos-colegas-tocandose-codos-al-aire-libre-pandemia_23-2148666394.jpg in Resources */ = {isa = PBXBuildFile; fileRef = F5EF622C25939A5D00414515 /* dos-colegas-tocandose-codos-al-aire-libre-pandemia_23-2148666394.jpg */; };
		F5EF623225939A6100414515 /* vista-frontal-joven-mujer-sosteniendo-globos-colores_179666-8916.jpg in Resources */ = {isa = PBXBuildFile; fileRef = F5EF622D25939A5E00414515 /* vista-frontal-joven-mujer-sosteniendo-globos-colores_179666-8916.jpg */; };
		F5EF623325939A6100414515 /* covid-19-concepto-salud-distanciamiento-social-chica-morena-atractiva-mascara-medica-que-senala-dedo-cara-blanco_1258-19147.jpg in Resources */ = {isa = PBXBuildFile; fileRef = F5EF622E25939A5E00414515 /* covid-19-concepto-salud-distanciamiento-social-chica-morena-atractiva-mascara-medica-que-senala-dedo-cara-blanco_1258-19147.jpg */; };
		F5EF623425939A6100414515 /* mujer-mascara-medica-equipaje-smartphone-mientras-sube-escaleras-pandemia_23-2148789873.jpg in Resources */ = {isa = PBXBuildFile; fileRef = F5EF622F25939A5F00414515 /* mujer-mascara-medica-equipaje-smartphone-mientras-sube-escaleras-pandemia_23-2148789873.jpg */; };
		F5EF62372593A5C700414515 /* Utilidades.swift in Sources */ = {isa = PBXBuildFile; fileRef = F5EF62362593A5C700414515 /* Utilidades.swift */; };
		F5EF623A2593B26800414515 /* Datos.swift in Sources */ = {isa = PBXBuildFile; fileRef = F5EF62392593B26800414515 /* Datos.swift */; };
		F5EF623D2593EA7D00414515 /* TableViewCell.swift in Sources */ = {isa = PBXBuildFile; fileRef = F5EF623C2593EA7D00414515 /* TableViewCell.swift */; };
/* End PBXBuildFile section */

/* Begin PBXFileReference section */
		5E4ED28599DBC4F8950DC918 /* Pods_CovidApp.framework */ = {isa = PBXFileReference; explicitFileType = wrapper.framework; includeInIndex = 0; path = Pods_CovidApp.framework; sourceTree = BUILT_PRODUCTS_DIR; };
		8B2219EFBCFAAF8BDC56B4BD /* Pods-CovidApp.debug.xcconfig */ = {isa = PBXFileReference; includeInIndex = 1; lastKnownFileType = text.xcconfig; name = "Pods-CovidApp.debug.xcconfig"; path = "Target Support Files/Pods-CovidApp/Pods-CovidApp.debug.xcconfig"; sourceTree = "<group>"; };
		B6F1A774AA20CD3BFA58645C /* Pods-CovidApp.release.xcconfig */ = {isa = PBXFileReference; includeInIndex = 1; lastKnownFileType = text.xcconfig; name = "Pods-CovidApp.release.xcconfig"; path = "Target Support Files/Pods-CovidApp/Pods-CovidApp.release.xcconfig"; sourceTree = "<group>"; };
		F53BFE3F258CCC4F00D14544 /* Casos.swift */ = {isa = PBXFileReference; lastKnownFileType = sourcecode.swift; path = Casos.swift; sourceTree = "<group>"; };
		F5475B6025A86E6B003254C5 /* GoogleService-Info.plist */ = {isa = PBXFileReference; fileEncoding = 4; lastKnownFileType = text.plist.xml; path = "GoogleService-Info.plist"; sourceTree = "<group>"; };
		F54A06302578E8B800FB13B7 /* Restriccion.swift */ = {isa = PBXFileReference; lastKnownFileType = sourcecode.swift; path = Restriccion.swift; sourceTree = "<group>"; };
		F555CB482577F25300C89B81 /* CovidApp.app */ = {isa = PBXFileReference; explicitFileType = wrapper.application; includeInIndex = 0; path = CovidApp.app; sourceTree = BUILT_PRODUCTS_DIR; };
		F555CB4B2577F25300C89B81 /* AppDelegate.swift */ = {isa = PBXFileReference; lastKnownFileType = sourcecode.swift; path = AppDelegate.swift; sourceTree = "<group>"; };
		F555CB4D2577F25300C89B81 /* SceneDelegate.swift */ = {isa = PBXFileReference; lastKnownFileType = sourcecode.swift; path = SceneDelegate.swift; sourceTree = "<group>"; };
		F555CB4F2577F25300C89B81 /* ViewController.swift */ = {isa = PBXFileReference; lastKnownFileType = sourcecode.swift; path = ViewController.swift; sourceTree = "<group>"; };
		F555CB522577F25300C89B81 /* Base */ = {isa = PBXFileReference; lastKnownFileType = file.storyboard; name = Base; path = Base.lproj/Main.storyboard; sourceTree = "<group>"; };
		F555CB542577F28200C89B81 /* Assets.xcassets */ = {isa = PBXFileReference; lastKnownFileType = folder.assetcatalog; path = Assets.xcassets; sourceTree = "<group>"; };
		F555CB572577F28200C89B81 /* Base */ = {isa = PBXFileReference; lastKnownFileType = file.storyboard; name = Base; path = Base.lproj/LaunchScreen.storyboard; sourceTree = "<group>"; };
		F555CB592577F28200C89B81 /* Info.plist */ = {isa = PBXFileReference; lastKnownFileType = text.plist.xml; path = Info.plist; sourceTree = "<group>"; };
		F555CB612577F81400C89B81 /* Poblacion.swift */ = {isa = PBXFileReference; lastKnownFileType = sourcecode.swift; path = Poblacion.swift; sourceTree = "<group>"; };
		F555CB692577FCA300C89B81 /* Poblaciones.swift */ = {isa = PBXFileReference; lastKnownFileType = sourcecode.swift; path = Poblaciones.swift; sourceTree = "<group>"; };
		F555CB7725780E7C00C89B81 /* poblaciones.csv */ = {isa = PBXFileReference; fileEncoding = 4; lastKnownFileType = text; path = poblaciones.csv; sourceTree = "<group>"; };
		F555CB7B257814D500C89B81 /* Provincia.swift */ = {isa = PBXFileReference; lastKnownFileType = sourcecode.swift; path = Provincia.swift; sourceTree = "<group>"; };
		F555CB7E2578162E00C89B81 /* Provincias.swift */ = {isa = PBXFileReference; lastKnownFileType = sourcecode.swift; path = Provincias.swift; sourceTree = "<group>"; };
		F555CB842578186D00C89B81 /* Restricciones.swift */ = {isa = PBXFileReference; lastKnownFileType = sourcecode.swift; path = Restricciones.swift; sourceTree = "<group>"; };
		F5663969259374ED003A6F20 /* RestriccionesViewController.swift */ = {isa = PBXFileReference; lastKnownFileType = sourcecode.swift; path = RestriccionesViewController.swift; sourceTree = "<group>"; };
		F58C43A225822825001ADF18 /* PoblacionesFull.csv */ = {isa = PBXFileReference; fileEncoding = 4; lastKnownFileType = text; path = PoblacionesFull.csv; sourceTree = "<group>"; };
		F5904871257BAAB800C81EB4 /* covid.png */ = {isa = PBXFileReference; lastKnownFileType = image.png; path = covid.png; sourceTree = "<group>"; };
		F5904877257CE65700C81EB4 /* GradientView.swift */ = {isa = PBXFileReference; lastKnownFileType = sourcecode.swift; path = GradientView.swift; sourceTree = "<group>"; };
		F5B34663258C09A7008225B4 /* LoginViewController.swift */ = {isa = PBXFileReference; lastKnownFileType = sourcecode.swift; path = LoginViewController.swift; sourceTree = "<group>"; };
		F5EF622B25939A5D00414515 /* doctor-sostenga-antiseptico-mascaras-su-mano_1157-31550.jpg */ = {isa = PBXFileReference; lastKnownFileType = image.jpeg; path = "doctor-sostenga-antiseptico-mascaras-su-mano_1157-31550.jpg"; sourceTree = "<group>"; };
		F5EF622C25939A5D00414515 /* dos-colegas-tocandose-codos-al-aire-libre-pandemia_23-2148666394.jpg */ = {isa = PBXFileReference; lastKnownFileType = image.jpeg; path = "dos-colegas-tocandose-codos-al-aire-libre-pandemia_23-2148666394.jpg"; sourceTree = "<group>"; };
		F5EF622D25939A5E00414515 /* vista-frontal-joven-mujer-sosteniendo-globos-colores_179666-8916.jpg */ = {isa = PBXFileReference; lastKnownFileType = image.jpeg; path = "vista-frontal-joven-mujer-sosteniendo-globos-colores_179666-8916.jpg"; sourceTree = "<group>"; };
		F5EF622E25939A5E00414515 /* covid-19-concepto-salud-distanciamiento-social-chica-morena-atractiva-mascara-medica-que-senala-dedo-cara-blanco_1258-19147.jpg */ = {isa = PBXFileReference; lastKnownFileType = image.jpeg; path = "covid-19-concepto-salud-distanciamiento-social-chica-morena-atractiva-mascara-medica-que-senala-dedo-cara-blanco_1258-19147.jpg"; sourceTree = "<group>"; };
		F5EF622F25939A5F00414515 /* mujer-mascara-medica-equipaje-smartphone-mientras-sube-escaleras-pandemia_23-2148789873.jpg */ = {isa = PBXFileReference; lastKnownFileType = image.jpeg; path = "mujer-mascara-medica-equipaje-smartphone-mientras-sube-escaleras-pandemia_23-2148789873.jpg"; sourceTree = "<group>"; };
		F5EF62362593A5C700414515 /* Utilidades.swift */ = {isa = PBXFileReference; lastKnownFileType = sourcecode.swift; path = Utilidades.swift; sourceTree = "<group>"; };
		F5EF62392593B26800414515 /* Datos.swift */ = {isa = PBXFileReference; lastKnownFileType = sourcecode.swift; path = Datos.swift; sourceTree = "<group>"; };
		F5EF623C2593EA7D00414515 /* TableViewCell.swift */ = {isa = PBXFileReference; lastKnownFileType = sourcecode.swift; path = TableViewCell.swift; sourceTree = "<group>"; };
/* End PBXFileReference section */

/* Begin PBXFrameworksBuildPhase section */
		F555CB452577F25300C89B81 /* Frameworks */ = {
			isa = PBXFrameworksBuildPhase;
			buildActionMask = 2147483647;
			files = (
				F5C1E0F3259759620066B2D5 /* WQCharts in Frameworks */,
				E8BEC1718EEFE6186E9B2832 /* Pods_CovidApp.framework in Frameworks */,
			);
			runOnlyForDeploymentPostprocessing = 0;
		};
/* End PBXFrameworksBuildPhase section */

/* Begin PBXGroup section */
		158D5A112921CD866178F16B /* Pods */ = {
			isa = PBXGroup;
			children = (
				8B2219EFBCFAAF8BDC56B4BD /* Pods-CovidApp.debug.xcconfig */,
				B6F1A774AA20CD3BFA58645C /* Pods-CovidApp.release.xcconfig */,
			);
			path = Pods;
			sourceTree = "<group>";
		};
		F48545313867741B8FB5B090 /* Frameworks */ = {
			isa = PBXGroup;
			children = (
				5E4ED28599DBC4F8950DC918 /* Pods_CovidApp.framework */,
			);
			name = Frameworks;
			sourceTree = "<group>";
		};
		F555CB3F2577F25200C89B81 = {
			isa = PBXGroup;
			children = (
				F555CB4A2577F25300C89B81 /* CovidApp */,
				F555CB492577F25300C89B81 /* Products */,
				158D5A112921CD866178F16B /* Pods */,
				F48545313867741B8FB5B090 /* Frameworks */,
			);
			sourceTree = "<group>";
		};
		F555CB492577F25300C89B81 /* Products */ = {
			isa = PBXGroup;
			children = (
				F555CB482577F25300C89B81 /* CovidApp.app */,
			);
			name = Products;
			sourceTree = "<group>";
		};
		F555CB4A2577F25300C89B81 /* CovidApp */ = {
			isa = PBXGroup;
			children = (
				F555CB6C2577FF4600C89B81 /* Resources */,
				F555CB652577F82800C89B81 /* Model */,
				F555CB4B2577F25300C89B81 /* AppDelegate.swift */,
				F555CB4D2577F25300C89B81 /* SceneDelegate.swift */,
				F555CB4F2577F25300C89B81 /* ViewController.swift */,
				F555CB512577F25300C89B81 /* Main.storyboard */,
				F5904877257CE65700C81EB4 /* GradientView.swift */,
				F555CB542577F28200C89B81 /* Assets.xcassets */,
				F555CB562577F28200C89B81 /* LaunchScreen.storyboard */,
				F5475B6025A86E6B003254C5 /* GoogleService-Info.plist */,
				F555CB592577F28200C89B81 /* Info.plist */,
				F5B34663258C09A7008225B4 /* LoginViewController.swift */,
				F5663969259374ED003A6F20 /* RestriccionesViewController.swift */,
			);
			path = CovidApp;
			sourceTree = "<group>";
		};
		F555CB652577F82800C89B81 /* Model */ = {
			isa = PBXGroup;
			children = (
				F5EF623C2593EA7D00414515 /* TableViewCell.swift */,
				F555CB612577F81400C89B81 /* Poblacion.swift */,
				F555CB692577FCA300C89B81 /* Poblaciones.swift */,
				F555CB7B257814D500C89B81 /* Provincia.swift */,
				F555CB7E2578162E00C89B81 /* Provincias.swift */,
				F555CB842578186D00C89B81 /* Restricciones.swift */,
				F54A06302578E8B800FB13B7 /* Restriccion.swift */,
				F53BFE3F258CCC4F00D14544 /* Casos.swift */,
				F5EF62362593A5C700414515 /* Utilidades.swift */,
				F5EF62392593B26800414515 /* Datos.swift */,
			);
			path = Model;
			sourceTree = "<group>";
		};
		F555CB6C2577FF4600C89B81 /* Resources */ = {
			isa = PBXGroup;
			children = (
				F5EF622E25939A5E00414515 /* covid-19-concepto-salud-distanciamiento-social-chica-morena-atractiva-mascara-medica-que-senala-dedo-cara-blanco_1258-19147.jpg */,
				F5EF622B25939A5D00414515 /* doctor-sostenga-antiseptico-mascaras-su-mano_1157-31550.jpg */,
				F5EF622C25939A5D00414515 /* dos-colegas-tocandose-codos-al-aire-libre-pandemia_23-2148666394.jpg */,
				F5EF622F25939A5F00414515 /* mujer-mascara-medica-equipaje-smartphone-mientras-sube-escaleras-pandemia_23-2148789873.jpg */,
				F5EF622D25939A5E00414515 /* vista-frontal-joven-mujer-sosteniendo-globos-colores_179666-8916.jpg */,
				F5904871257BAAB800C81EB4 /* covid.png */,
				F58C43A225822825001ADF18 /* PoblacionesFull.csv */,
				F555CB7725780E7C00C89B81 /* poblaciones.csv */,
			);
			path = Resources;
			sourceTree = "<group>";
		};
/* End PBXGroup section */

/* Begin PBXNativeTarget section */
		F555CB472577F25300C89B81 /* CovidApp */ = {
			isa = PBXNativeTarget;
			buildConfigurationList = F555CB5C2577F28200C89B81 /* Build configuration list for PBXNativeTarget "CovidApp" */;
			buildPhases = (
				F7DEE36C7CCAD8E4DC7CFA7E /* [CP] Check Pods Manifest.lock */,
				F555CB442577F25300C89B81 /* Sources */,
				F555CB452577F25300C89B81 /* Frameworks */,
				F555CB462577F25300C89B81 /* Resources */,
				8A912710413C2CB123F4353B /* [CP] Embed Pods Frameworks */,
			);
			buildRules = (
			);
			dependencies = (
			);
			name = CovidApp;
			packageProductDependencies = (
				F5C1E0F2259759620066B2D5 /* WQCharts */,
			);
			productName = CovidApp;
			productReference = F555CB482577F25300C89B81 /* CovidApp.app */;
			productType = "com.apple.product-type.application";
		};
/* End PBXNativeTarget section */

/* Begin PBXProject section */
		F555CB402577F25200C89B81 /* Project object */ = {
			isa = PBXProject;
			attributes = {
				LastSwiftUpdateCheck = 1220;
				LastUpgradeCheck = 1220;
				TargetAttributes = {
					F555CB472577F25300C89B81 = {
						CreatedOnToolsVersion = 12.2;
					};
				};
			};
			buildConfigurationList = F555CB432577F25200C89B81 /* Build configuration list for PBXProject "CovidApp" */;
			compatibilityVersion = "Xcode 9.3";
			developmentRegion = en;
			hasScannedForEncodings = 0;
			knownRegions = (
				en,
				Base,
			);
			mainGroup = F555CB3F2577F25200C89B81;
			packageReferences = (
				F5C1E0F1259759610066B2D5 /* XCRemoteSwiftPackageReference "WQCharts-iOS" */,
			);
			productRefGroup = F555CB492577F25300C89B81 /* Products */;
			projectDirPath = "";
			projectRoot = "";
			targets = (
				F555CB472577F25300C89B81 /* CovidApp */,
			);
		};
/* End PBXProject section */

/* Begin PBXResourcesBuildPhase section */
		F555CB462577F25300C89B81 /* Resources */ = {
			isa = PBXResourcesBuildPhase;
			buildActionMask = 2147483647;
			files = (
				F5904872257BAAB800C81EB4 /* covid.png in Resources */,
				F5EF623325939A6100414515 /* covid-19-concepto-salud-distanciamiento-social-chica-morena-atractiva-mascara-medica-que-senala-dedo-cara-blanco_1258-19147.jpg in Resources */,
				F5EF623025939A6100414515 /* doctor-sostenga-antiseptico-mascaras-su-mano_1157-31550.jpg in Resources */,
				F555CB582577F28200C89B81 /* LaunchScreen.storyboard in Resources */,
				F555CB552577F28200C89B81 /* Assets.xcassets in Resources */,
				F5475B6125A86E6B003254C5 /* GoogleService-Info.plist in Resources */,
				F555CB7825780E7C00C89B81 /* poblaciones.csv in Resources */,
				F5EF623225939A6100414515 /* vista-frontal-joven-mujer-sosteniendo-globos-colores_179666-8916.jpg in Resources */,
				F555CB532577F25300C89B81 /* Main.storyboard in Resources */,
				F5EF623425939A6100414515 /* mujer-mascara-medica-equipaje-smartphone-mientras-sube-escaleras-pandemia_23-2148789873.jpg in Resources */,
				F58C43A325822825001ADF18 /* PoblacionesFull.csv in Resources */,
				F5EF623125939A6100414515 /* dos-colegas-tocandose-codos-al-aire-libre-pandemia_23-2148666394.jpg in Resources */,
			);
			runOnlyForDeploymentPostprocessing = 0;
		};
/* End PBXResourcesBuildPhase section */

/* Begin PBXShellScriptBuildPhase section */
		8A912710413C2CB123F4353B /* [CP] Embed Pods Frameworks */ = {
			isa = PBXShellScriptBuildPhase;
			buildActionMask = 2147483647;
			files = (
			);
			inputFileListPaths = (
				"${PODS_ROOT}/Target Support Files/Pods-CovidApp/Pods-CovidApp-frameworks-${CONFIGURATION}-input-files.xcfilelist",
			);
			name = "[CP] Embed Pods Frameworks";
			outputFileListPaths = (
				"${PODS_ROOT}/Target Support Files/Pods-CovidApp/Pods-CovidApp-frameworks-${CONFIGURATION}-output-files.xcfilelist",
			);
			runOnlyForDeploymentPostprocessing = 0;
			shellPath = /bin/sh;
			shellScript = "\"${PODS_ROOT}/Target Support Files/Pods-CovidApp/Pods-CovidApp-frameworks.sh\"\n";
			showEnvVarsInLog = 0;
		};
		F7DEE36C7CCAD8E4DC7CFA7E /* [CP] Check Pods Manifest.lock */ = {
			isa = PBXShellScriptBuildPhase;
			buildActionMask = 2147483647;
			files = (
			);
			inputFileListPaths = (
			);
			inputPaths = (
				"${PODS_PODFILE_DIR_PATH}/Podfile.lock",
				"${PODS_ROOT}/Manifest.lock",
			);
			name = "[CP] Check Pods Manifest.lock";
			outputFileListPaths = (
			);
			outputPaths = (
				"$(DERIVED_FILE_DIR)/Pods-CovidApp-checkManifestLockResult.txt",
			);
			runOnlyForDeploymentPostprocessing = 0;
			shellPath = /bin/sh;
			shellScript = "diff \"${PODS_PODFILE_DIR_PATH}/Podfile.lock\" \"${PODS_ROOT}/Manifest.lock\" > /dev/null\nif [ $? != 0 ] ; then\n    # print error to STDERR\n    echo \"error: The sandbox is not in sync with the Podfile.lock. Run 'pod install' or update your CocoaPods installation.\" >&2\n    exit 1\nfi\n# This output is used by Xcode 'outputs' to avoid re-running this script phase.\necho \"SUCCESS\" > \"${SCRIPT_OUTPUT_FILE_0}\"\n";
			showEnvVarsInLog = 0;
		};
/* End PBXShellScriptBuildPhase section */

/* Begin PBXSourcesBuildPhase section */
		F555CB442577F25300C89B81 /* Sources */ = {
			isa = PBXSourcesBuildPhase;
			buildActionMask = 2147483647;
			files = (
				F555CB502577F25300C89B81 /* ViewController.swift in Sources */,
				F5EF623D2593EA7D00414515 /* TableViewCell.swift in Sources */,
				F54A06312578E8B800FB13B7 /* Restriccion.swift in Sources */,
				F5904878257CE65700C81EB4 /* GradientView.swift in Sources */,
				F5EF62372593A5C700414515 /* Utilidades.swift in Sources */,
				F555CB7F2578162E00C89B81 /* Provincias.swift in Sources */,
				F5EF623A2593B26800414515 /* Datos.swift in Sources */,
				F555CB622577F81400C89B81 /* Poblacion.swift in Sources */,
				F555CB6A2577FCA300C89B81 /* Poblaciones.swift in Sources */,
				F555CB7C257814D500C89B81 /* Provincia.swift in Sources */,
				F53BFE40258CCC4F00D14544 /* Casos.swift in Sources */,
				F555CB4C2577F25300C89B81 /* AppDelegate.swift in Sources */,
				F555CB4E2577F25300C89B81 /* SceneDelegate.swift in Sources */,
				F555CB852578186D00C89B81 /* Restricciones.swift in Sources */,
				F566396A259374ED003A6F20 /* RestriccionesViewController.swift in Sources */,
				F5B34664258C09A7008225B4 /* LoginViewController.swift in Sources */,
			);
			runOnlyForDeploymentPostprocessing = 0;
		};
/* End PBXSourcesBuildPhase section */

/* Begin PBXVariantGroup section */
		F555CB512577F25300C89B81 /* Main.storyboard */ = {
			isa = PBXVariantGroup;
			children = (
				F555CB522577F25300C89B81 /* Base */,
			);
			name = Main.storyboard;
			sourceTree = "<group>";
		};
		F555CB562577F28200C89B81 /* LaunchScreen.storyboard */ = {
			isa = PBXVariantGroup;
			children = (
				F555CB572577F28200C89B81 /* Base */,
			);
			name = LaunchScreen.storyboard;
			sourceTree = "<group>";
		};
/* End PBXVariantGroup section */

/* Begin XCBuildConfiguration section */
		F555CB5A2577F28200C89B81 /* Debug */ = {
			isa = XCBuildConfiguration;
			buildSettings = {
				ALWAYS_SEARCH_USER_PATHS = NO;
				CLANG_ANALYZER_NONNULL = YES;
				CLANG_ANALYZER_NUMBER_OBJECT_CONVERSION = YES_AGGRESSIVE;
				CLANG_CXX_LANGUAGE_STANDARD = "gnu++14";
				CLANG_CXX_LIBRARY = "libc++";
				CLANG_ENABLE_MODULES = YES;
				CLANG_ENABLE_OBJC_ARC = YES;
				CLANG_ENABLE_OBJC_WEAK = YES;
				CLANG_WARN_BLOCK_CAPTURE_AUTORELEASING = YES;
				CLANG_WARN_BOOL_CONVERSION = YES;
				CLANG_WARN_COMMA = YES;
				CLANG_WARN_CONSTANT_CONVERSION = YES;
				CLANG_WARN_DEPRECATED_OBJC_IMPLEMENTATIONS = YES;
				CLANG_WARN_DIRECT_OBJC_ISA_USAGE = YES_ERROR;
				CLANG_WARN_DOCUMENTATION_COMMENTS = YES;
				CLANG_WARN_EMPTY_BODY = YES;
				CLANG_WARN_ENUM_CONVERSION = YES;
				CLANG_WARN_INFINITE_RECURSION = YES;
				CLANG_WARN_INT_CONVERSION = YES;
				CLANG_WARN_NON_LITERAL_NULL_CONVERSION = YES;
				CLANG_WARN_OBJC_IMPLICIT_RETAIN_SELF = YES;
				CLANG_WARN_OBJC_LITERAL_CONVERSION = YES;
				CLANG_WARN_OBJC_ROOT_CLASS = YES_ERROR;
				CLANG_WARN_QUOTED_INCLUDE_IN_FRAMEWORK_HEADER = YES;
				CLANG_WARN_RANGE_LOOP_ANALYSIS = YES;
				CLANG_WARN_STRICT_PROTOTYPES = YES;
				CLANG_WARN_SUSPICIOUS_MOVE = YES;
				CLANG_WARN_UNGUARDED_AVAILABILITY = YES_AGGRESSIVE;
				CLANG_WARN_UNREACHABLE_CODE = YES;
				CLANG_WARN__DUPLICATE_METHOD_MATCH = YES;
				COPY_PHASE_STRIP = NO;
				DEBUG_INFORMATION_FORMAT = dwarf;
				ENABLE_STRICT_OBJC_MSGSEND = YES;
				ENABLE_TESTABILITY = YES;
				GCC_C_LANGUAGE_STANDARD = gnu11;
				GCC_DYNAMIC_NO_PIC = NO;
				GCC_NO_COMMON_BLOCKS = YES;
				GCC_OPTIMIZATION_LEVEL = 0;
				GCC_PREPROCESSOR_DEFINITIONS = (
					"DEBUG=1",
					"$(inherited)",
				);
				GCC_WARN_64_TO_32_BIT_CONVERSION = YES;
				GCC_WARN_ABOUT_RETURN_TYPE = YES_ERROR;
				GCC_WARN_UNDECLARED_SELECTOR = YES;
				GCC_WARN_UNINITIALIZED_AUTOS = YES_AGGRESSIVE;
				GCC_WARN_UNUSED_FUNCTION = YES;
				GCC_WARN_UNUSED_VARIABLE = YES;
				IPHONEOS_DEPLOYMENT_TARGET = 14.2;
				MTL_ENABLE_DEBUG_INFO = INCLUDE_SOURCE;
				MTL_FAST_MATH = YES;
				ONLY_ACTIVE_ARCH = YES;
				SDKROOT = iphoneos;
				SWIFT_ACTIVE_COMPILATION_CONDITIONS = DEBUG;
				SWIFT_OPTIMIZATION_LEVEL = "-Onone";
			};
			name = Debug;
		};
		F555CB5B2577F28200C89B81 /* Release */ = {
			isa = XCBuildConfiguration;
			buildSettings = {
				ALWAYS_SEARCH_USER_PATHS = NO;
				CLANG_ANALYZER_NONNULL = YES;
				CLANG_ANALYZER_NUMBER_OBJECT_CONVERSION = YES_AGGRESSIVE;
				CLANG_CXX_LANGUAGE_STANDARD = "gnu++14";
				CLANG_CXX_LIBRARY = "libc++";
				CLANG_ENABLE_MODULES = YES;
				CLANG_ENABLE_OBJC_ARC = YES;
				CLANG_ENABLE_OBJC_WEAK = YES;
				CLANG_WARN_BLOCK_CAPTURE_AUTORELEASING = YES;
				CLANG_WARN_BOOL_CONVERSION = YES;
				CLANG_WARN_COMMA = YES;
				CLANG_WARN_CONSTANT_CONVERSION = YES;
				CLANG_WARN_DEPRECATED_OBJC_IMPLEMENTATIONS = YES;
				CLANG_WARN_DIRECT_OBJC_ISA_USAGE = YES_ERROR;
				CLANG_WARN_DOCUMENTATION_COMMENTS = YES;
				CLANG_WARN_EMPTY_BODY = YES;
				CLANG_WARN_ENUM_CONVERSION = YES;
				CLANG_WARN_INFINITE_RECURSION = YES;
				CLANG_WARN_INT_CONVERSION = YES;
				CLANG_WARN_NON_LITERAL_NULL_CONVERSION = YES;
				CLANG_WARN_OBJC_IMPLICIT_RETAIN_SELF = YES;
				CLANG_WARN_OBJC_LITERAL_CONVERSION = YES;
				CLANG_WARN_OBJC_ROOT_CLASS = YES_ERROR;
				CLANG_WARN_QUOTED_INCLUDE_IN_FRAMEWORK_HEADER = YES;
				CLANG_WARN_RANGE_LOOP_ANALYSIS = YES;
				CLANG_WARN_STRICT_PROTOTYPES = YES;
				CLANG_WARN_SUSPICIOUS_MOVE = YES;
				CLANG_WARN_UNGUARDED_AVAILABILITY = YES_AGGRESSIVE;
				CLANG_WARN_UNREACHABLE_CODE = YES;
				CLANG_WARN__DUPLICATE_METHOD_MATCH = YES;
				COPY_PHASE_STRIP = NO;
				DEBUG_INFORMATION_FORMAT = "dwarf-with-dsym";
				ENABLE_NS_ASSERTIONS = NO;
				ENABLE_STRICT_OBJC_MSGSEND = YES;
				GCC_C_LANGUAGE_STANDARD = gnu11;
				GCC_NO_COMMON_BLOCKS = YES;
				GCC_WARN_64_TO_32_BIT_CONVERSION = YES;
				GCC_WARN_ABOUT_RETURN_TYPE = YES_ERROR;
				GCC_WARN_UNDECLARED_SELECTOR = YES;
				GCC_WARN_UNINITIALIZED_AUTOS = YES_AGGRESSIVE;
				GCC_WARN_UNUSED_FUNCTION = YES;
				GCC_WARN_UNUSED_VARIABLE = YES;
				IPHONEOS_DEPLOYMENT_TARGET = 14.2;
				MTL_ENABLE_DEBUG_INFO = NO;
				MTL_FAST_MATH = YES;
				SDKROOT = iphoneos;
				SWIFT_COMPILATION_MODE = wholemodule;
				SWIFT_OPTIMIZATION_LEVEL = "-O";
				VALIDATE_PRODUCT = YES;
			};
			name = Release;
		};
		F555CB5D2577F28200C89B81 /* Debug */ = {
			isa = XCBuildConfiguration;
			baseConfigurationReference = 8B2219EFBCFAAF8BDC56B4BD /* Pods-CovidApp.debug.xcconfig */;
			buildSettings = {
				ASSETCATALOG_COMPILER_APPICON_NAME = AppIcon;
				ASSETCATALOG_COMPILER_GLOBAL_ACCENT_COLOR_NAME = AccentColor;
				CODE_SIGN_STYLE = Manual;
				DEVELOPMENT_TEAM = "";
				INFOPLIST_FILE = CovidApp/Info.plist;
				IPHONEOS_DEPLOYMENT_TARGET = 13.0;
				LD_RUNPATH_SEARCH_PATHS = (
					"$(inherited)",
					"@executable_path/Frameworks",
				);
				PRODUCT_BUNDLE_IDENTIFIER = edu.ucam.CovidApp;
				PRODUCT_NAME = "$(TARGET_NAME)";
				PROVISIONING_PROFILE_SPECIFIER = "";
				SWIFT_VERSION = 5.0;
				TARGETED_DEVICE_FAMILY = 1;
			};
			name = Debug;
		};
		F555CB5E2577F28200C89B81 /* Release */ = {
			isa = XCBuildConfiguration;
			baseConfigurationReference = B6F1A774AA20CD3BFA58645C /* Pods-CovidApp.release.xcconfig */;
			buildSettings = {
				ASSETCATALOG_COMPILER_APPICON_NAME = AppIcon;
				ASSETCATALOG_COMPILER_GLOBAL_ACCENT_COLOR_NAME = AccentColor;
				CODE_SIGN_STYLE = Manual;
				DEVELOPMENT_TEAM = "";
				INFOPLIST_FILE = CovidApp/Info.plist;
				IPHONEOS_DEPLOYMENT_TARGET = 13.0;
				LD_RUNPATH_SEARCH_PATHS = (
					"$(inherited)",
					"@executable_path/Frameworks",
				);
				PRODUCT_BUNDLE_IDENTIFIER = edu.ucam.CovidApp;
				PRODUCT_NAME = "$(TARGET_NAME)";
				PROVISIONING_PROFILE_SPECIFIER = "";
				SWIFT_VERSION = 5.0;
				TARGETED_DEVICE_FAMILY = 1;
			};
			name = Release;
		};
/* End XCBuildConfiguration section */

/* Begin XCConfigurationList section */
		F555CB432577F25200C89B81 /* Build configuration list for PBXProject "CovidApp" */ = {
			isa = XCConfigurationList;
			buildConfigurations = (
				F555CB5A2577F28200C89B81 /* Debug */,
				F555CB5B2577F28200C89B81 /* Release */,
			);
			defaultConfigurationIsVisible = 0;
			defaultConfigurationName = Release;
		};
		F555CB5C2577F28200C89B81 /* Build configuration list for PBXNativeTarget "CovidApp" */ = {
			isa = XCConfigurationList;
			buildConfigurations = (
				F555CB5D2577F28200C89B81 /* Debug */,
				F555CB5E2577F28200C89B81 /* Release */,
			);
			defaultConfigurationIsVisible = 0;
			defaultConfigurationName = Release;
		};
/* End XCConfigurationList section */

/* Begin XCRemoteSwiftPackageReference section */
		F5C1E0F1259759610066B2D5 /* XCRemoteSwiftPackageReference "WQCharts-iOS" */ = {
			isa = XCRemoteSwiftPackageReference;
			repositoryURL = "https://github.com/CoderWQYao/WQCharts-iOS";
			requirement = {
				kind = upToNextMajorVersion;
				minimumVersion = 1.2.1;
			};
		};
/* End XCRemoteSwiftPackageReference section */

/* Begin XCSwiftPackageProductDependency section */
		F5C1E0F2259759620066B2D5 /* WQCharts */ = {
			isa = XCSwiftPackageProductDependency;
			package = F5C1E0F1259759610066B2D5 /* XCRemoteSwiftPackageReference "WQCharts-iOS" */;
			productName = WQCharts;
		};
/* End XCSwiftPackageProductDependency section */
	};
	rootObject = F555CB402577F25200C89B81 /* Project object */;
}
